
Microsoft Visual Studio Solution File, Format Version 12.00
# Visual Studio Version 16
VisualStudioVersion = 16.0.32002.261
MinimumVisualStudioVersion = 10.0.40219.1
Project("{FAE04EC0-301F-11D3-BF4B-00C04F79EFBC}") = "PromToGalTest", "PromToGalTest.csproj", "{4F063FD7-EA2F-40CF-AEA0-18E6F402023C}"
EndProject
Global
	GlobalSection(SolutionConfigurationPlatforms) = preSolution
		Debug|Any CPU = Debug|Any CPU
		Release|Any CPU = Release|Any CPU
	EndGlobalSection
	GlobalSection(ProjectConfigurationPlatforms) = postSolution
		{4F063FD7-EA2F-40CF-AEA0-18E6F402023C}.Debug|Any CPU.ActiveCfg = Debug|Any CPU
		{4F063FD7-EA2F-40CF-AEA0-18E6F402023C}.Debug|Any CPU.Build.0 = Debug|Any CPU
		{4F063FD7-EA2F-40CF-AEA0-18E6F402023C}.Release|Any CPU.ActiveCfg = Release|Any CPU
		{4F063FD7-EA2F-40CF-AEA0-18E6F402023C}.Release|Any CPU.Build.0 = Release|Any CPU
	EndGlobalSection
	GlobalSection(SolutionProperties) = preSolution
		HideSolutionNode = FALSE
	EndGlobalSection
	GlobalSection(ExtensibilityGlobals) = postSolution
		SolutionGuid = {CD2BBF21-106F-45BC-8FC1-D1E728A516E0}
	EndGlobalSection
EndGlobal
